// !$*UTF8*$!
{
	archiveVersion = 1;
	classes = {
	};
	objectVersion = 46;
	objects = {

/* Begin PBXBuildFile section */
		3F23D8DE1D53845100D8F0E9 /* main.m in Sources */ = {isa = PBXBuildFile; fileRef = 3F23D8DD1D53845100D8F0E9 /* main.m */; };
		3F23D8E11D53845100D8F0E9 /* AppDelegate.m in Sources */ = {isa = PBXBuildFile; fileRef = 3F23D8E01D53845100D8F0E9 /* AppDelegate.m */; };
		3F23D8E41D53845100D8F0E9 /* ViewController.m in Sources */ = {isa = PBXBuildFile; fileRef = 3F23D8E31D53845100D8F0E9 /* ViewController.m */; };
		3F23D8E71D53845100D8F0E9 /* Main.storyboard in Resources */ = {isa = PBXBuildFile; fileRef = 3F23D8E51D53845100D8F0E9 /* Main.storyboard */; };
		3F23D8E91D53845100D8F0E9 /* Assets.xcassets in Resources */ = {isa = PBXBuildFile; fileRef = 3F23D8E81D53845100D8F0E9 /* Assets.xcassets */; };
		3F23D8EC1D53845100D8F0E9 /* LaunchScreen.storyboard in Resources */ = {isa = PBXBuildFile; fileRef = 3F23D8EA1D53845100D8F0E9 /* LaunchScreen.storyboard */; };
		3F23D8F71D53845100D8F0E9 /* _____Tests.m in Sources */ = {isa = PBXBuildFile; fileRef = 3F23D8F61D53845100D8F0E9 /* _____Tests.m */; };
		3F23D9021D53845100D8F0E9 /* _____UITests.m in Sources */ = {isa = PBXBuildFile; fileRef = 3F23D9011D53845100D8F0E9 /* _____UITests.m */; };
/* End PBXBuildFile section */

/* Begin PBXContainerItemProxy section */
		3F23D8F31D53845100D8F0E9 /* PBXContainerItemProxy */ = {
			isa = PBXContainerItemProxy;
			containerPortal = 3F23D8D11D53845100D8F0E9 /* Project object */;
			proxyType = 1;
			remoteGlobalIDString = 3F23D8D81D53845100D8F0E9;
			remoteInfo = "多线程管理";
		};
		3F23D8FE1D53845100D8F0E9 /* PBXContainerItemProxy */ = {
			isa = PBXContainerItemProxy;
			containerPortal = 3F23D8D11D53845100D8F0E9 /* Project object */;
			proxyType = 1;
			remoteGlobalIDString = 3F23D8D81D53845100D8F0E9;
			remoteInfo = "多线程管理";
		};
/* End PBXContainerItemProxy section */

/* Begin PBXFileReference section */
		3F23D8D91D53845100D8F0E9 /* 多线程管理.app */ = {isa = PBXFileReference; explicitFileType = wrapper.application; includeInIndex = 0; path = "多线程管理.app"; sourceTree = BUILT_PRODUCTS_DIR; };
		3F23D8DD1D53845100D8F0E9 /* main.m */ = {isa = PBXFileReference; lastKnownFileType = sourcecode.c.objc; path = main.m; sourceTree = "<group>"; };
		3F23D8DF1D53845100D8F0E9 /* AppDelegate.h */ = {isa = PBXFileReference; lastKnownFileType = sourcecode.c.h; path = AppDelegate.h; sourceTree = "<group>"; };
		3F23D8E01D53845100D8F0E9 /* AppDelegate.m */ = {isa = PBXFileReference; lastKnownFileType = sourcecode.c.objc; path = AppDelegate.m; sourceTree = "<group>"; };
		3F23D8E21D53845100D8F0E9 /* ViewController.h */ = {isa = PBXFileReference; lastKnownFileType = sourcecode.c.h; path = ViewController.h; sourceTree = "<group>"; };
		3F23D8E31D53845100D8F0E9 /* ViewController.m */ = {isa = PBXFileReference; lastKnownFileType = sourcecode.c.objc; path = ViewController.m; sourceTree = "<group>"; };
		3F23D8E61D53845100D8F0E9 /* Base */ = {isa = PBXFileReference; lastKnownFileType = file.storyboard; name = Base; path = Base.lproj/Main.storyboard; sourceTree = "<group>"; };
		3F23D8E81D53845100D8F0E9 /* Assets.xcassets */ = {isa = PBXFileReference; lastKnownFileType = folder.assetcatalog; path = Assets.xcassets; sourceTree = "<group>"; };
		3F23D8EB1D53845100D8F0E9 /* Base */ = {isa = PBXFileReference; lastKnownFileType = file.storyboard; name = Base; path = Base.lproj/LaunchScreen.storyboard; sourceTree = "<group>"; };
		3F23D8ED1D53845100D8F0E9 /* Info.plist */ = {isa = PBXFileReference; lastKnownFileType = text.plist.xml; path = Info.plist; sourceTree = "<group>"; };
		3F23D8F21D53845100D8F0E9 /* 多线程管理Tests.xctest */ = {isa = PBXFileReference; explicitFileType = wrapper.cfbundle; includeInIndex = 0; path = "多线程管理Tests.xctest"; sourceTree = BUILT_PRODUCTS_DIR; };
		3F23D8F61D53845100D8F0E9 /* _____Tests.m */ = {isa = PBXFileReference; lastKnownFileType = sourcecode.c.objc; path = "_____Tests.m"; sourceTree = "<group>"; };
		3F23D8F81D53845100D8F0E9 /* Info.plist */ = {isa = PBXFileReference; lastKnownFileType = text.plist.xml; path = Info.plist; sourceTree = "<group>"; };
		3F23D8FD1D53845100D8F0E9 /* 多线程管理UITests.xctest */ = {isa = PBXFileReference; explicitFileType = wrapper.cfbundle; includeInIndex = 0; path = "多线程管理UITests.xctest"; sourceTree = BUILT_PRODUCTS_DIR; };
		3F23D9011D53845100D8F0E9 /* _____UITests.m */ = {isa = PBXFileReference; lastKnownFileType = sourcecode.c.objc; path = "_____UITests.m"; sourceTree = "<group>"; };
		3F23D9031D53845100D8F0E9 /* Info.plist */ = {isa = PBXFileReference; lastKnownFileType = text.plist.xml; path = Info.plist; sourceTree = "<group>"; };
/* End PBXFileReference section */

/* Begin PBXFrameworksBuildPhase section */
		3F23D8D61D53845100D8F0E9 /* Frameworks */ = {
			isa = PBXFrameworksBuildPhase;
			buildActionMask = 2147483647;
			files = (
			);
			runOnlyForDeploymentPostprocessing = 0;
		};
		3F23D8EF1D53845100D8F0E9 /* Frameworks */ = {
			isa = PBXFrameworksBuildPhase;
			buildActionMask = 2147483647;
			files = (
			);
			runOnlyForDeploymentPostprocessing = 0;
		};
		3F23D8FA1D53845100D8F0E9 /* Frameworks */ = {
			isa = PBXFrameworksBuildPhase;
			buildActionMask = 2147483647;
			files = (
			);
			runOnlyForDeploymentPostprocessing = 0;
		};
/* End PBXFrameworksBuildPhase section */

/* Begin PBXGroup section */
		3F23D8D01D53845100D8F0E9 = {
			isa = PBXGroup;
			children = (
				3F23D8DB1D53845100D8F0E9 /* 多线程管理 */,
				3F23D8F51D53845100D8F0E9 /* 多线程管理Tests */,
				3F23D9001D53845100D8F0E9 /* 多线程管理UITests */,
				3F23D8DA1D53845100D8F0E9 /* Products */,
			);
			sourceTree = "<group>";
		};
		3F23D8DA1D53845100D8F0E9 /* Products */ = {
			isa = PBXGroup;
			children = (
				3F23D8D91D53845100D8F0E9 /* 多线程管理.app */,
				3F23D8F21D53845100D8F0E9 /* 多线程管理Tests.xctest */,
				3F23D8FD1D53845100D8F0E9 /* 多线程管理UITests.xctest */,
			);
			name = Products;
			sourceTree = "<group>";
		};
		3F23D8DB1D53845100D8F0E9 /* 多线程管理 */ = {
			isa = PBXGroup;
			children = (
				3F23D8DF1D53845100D8F0E9 /* AppDelegate.h */,
				3F23D8E01D53845100D8F0E9 /* AppDelegate.m */,
				3F23D8E21D53845100D8F0E9 /* ViewController.h */,
				3F23D8E31D53845100D8F0E9 /* ViewController.m */,
				3F23D8E51D53845100D8F0E9 /* Main.storyboard */,
				3F23D8E81D53845100D8F0E9 /* Assets.xcassets */,
				3F23D8EA1D53845100D8F0E9 /* LaunchScreen.storyboard */,
				3F23D8ED1D53845100D8F0E9 /* Info.plist */,
				3F23D8DC1D53845100D8F0E9 /* Supporting Files */,
			);
			path = "多线程管理";
			sourceTree = "<group>";
		};
		3F23D8DC1D53845100D8F0E9 /* Supporting Files */ = {
			isa = PBXGroup;
			children = (
				3F23D8DD1D53845100D8F0E9 /* main.m */,
			);
			name = "Supporting Files";
			sourceTree = "<group>";
		};
		3F23D8F51D53845100D8F0E9 /* 多线程管理Tests */ = {
			isa = PBXGroup;
			children = (
				3F23D8F61D53845100D8F0E9 /* _____Tests.m */,
				3F23D8F81D53845100D8F0E9 /* Info.plist */,
			);
			path = "多线程管理Tests";
			sourceTree = "<group>";
		};
		3F23D9001D53845100D8F0E9 /* 多线程管理UITests */ = {
			isa = PBXGroup;
			children = (
				3F23D9011D53845100D8F0E9 /* _____UITests.m */,
				3F23D9031D53845100D8F0E9 /* Info.plist */,
			);
			path = "多线程管理UITests";
			sourceTree = "<group>";
		};
/* End PBXGroup section */

/* Begin PBXNativeTarget section */
		3F23D8D81D53845100D8F0E9 /* 多线程管理 */ = {
			isa = PBXNativeTarget;
			buildConfigurationList = 3F23D9061D53845100D8F0E9 /* Build configuration list for PBXNativeTarget "多线程管理" */;
			buildPhases = (
				3F23D8D51D53845100D8F0E9 /* Sources */,
				3F23D8D61D53845100D8F0E9 /* Frameworks */,
				3F23D8D71D53845100D8F0E9 /* Resources */,
			);
			buildRules = (
			);
			dependencies = (
			);
			name = "多线程管理";
			productName = "多线程管理";
			productReference = 3F23D8D91D53845100D8F0E9 /* 多线程管理.app */;
			productType = "com.apple.product-type.application";
		};
		3F23D8F11D53845100D8F0E9 /* 多线程管理Tests */ = {
			isa = PBXNativeTarget;
			buildConfigurationList = 3F23D9091D53845100D8F0E9 /* Build configuration list for PBXNativeTarget "多线程管理Tests" */;
			buildPhases = (
				3F23D8EE1D53845100D8F0E9 /* Sources */,
				3F23D8EF1D53845100D8F0E9 /* Frameworks */,
				3F23D8F01D53845100D8F0E9 /* Resources */,
			);
			buildRules = (
			);
			dependencies = (
				3F23D8F41D53845100D8F0E9 /* PBXTargetDependency */,
			);
			name = "多线程管理Tests";
			productName = "多线程管理Tests";
			productReference = 3F23D8F21D53845100D8F0E9 /* 多线程管理Tests.xctest */;
			productType = "com.apple.product-type.bundle.unit-test";
		};
		3F23D8FC1D53845100D8F0E9 /* 多线程管理UITests */ = {
			isa = PBXNativeTarget;
			buildConfigurationList = 3F23D90C1D53845100D8F0E9 /* Build configuration list for PBXNativeTarget "多线程管理UITests" */;
			buildPhases = (
				3F23D8F91D53845100D8F0E9 /* Sources */,
				3F23D8FA1D53845100D8F0E9 /* Frameworks */,
				3F23D8FB1D53845100D8F0E9 /* Resources */,
			);
			buildRules = (
			);
			dependencies = (
				3F23D8FF1D53845100D8F0E9 /* PBXTargetDependency */,
			);
			name = "多线程管理UITests";
			productName = "多线程管理UITests";
			productReference = 3F23D8FD1D53845100D8F0E9 /* 多线程管理UITests.xctest */;
			productType = "com.apple.product-type.bundle.ui-testing";
		};
/* End PBXNativeTarget section */

/* Begin PBXProject section */
		3F23D8D11D53845100D8F0E9 /* Project object */ = {
			isa = PBXProject;
			attributes = {
				LastUpgradeCheck = 0730;
				ORGANIZATIONNAME = Jeremy;
				TargetAttributes = {
					3F23D8D81D53845100D8F0E9 = {
						CreatedOnToolsVersion = 7.3.1;
					};
					3F23D8F11D53845100D8F0E9 = {
						CreatedOnToolsVersion = 7.3.1;
						TestTargetID = 3F23D8D81D53845100D8F0E9;
					};
					3F23D8FC1D53845100D8F0E9 = {
						CreatedOnToolsVersion = 7.3.1;
						TestTargetID = 3F23D8D81D53845100D8F0E9;
					};
				};
			};
			buildConfigurationList = 3F23D8D41D53845100D8F0E9 /* Build configuration list for PBXProject "多线程管理" */;
			compatibilityVersion = "Xcode 3.2";
			developmentRegion = English;
			hasScannedForEncodings = 0;
			knownRegions = (
				en,
				Base,
			);
			mainGroup = 3F23D8D01D53845100D8F0E9;
			productRefGroup = 3F23D8DA1D53845100D8F0E9 /* Products */;
			projectDirPath = "";
			projectRoot = "";
			targets = (
				3F23D8D81D53845100D8F0E9 /* 多线程管理 */,
				3F23D8F11D53845100D8F0E9 /* 多线程管理Tests */,
				3F23D8FC1D53845100D8F0E9 /* 多线程管理UITests */,
			);
		};
/* End PBXProject section */

/* Begin PBXResourcesBuildPhase section */
		3F23D8D71D53845100D8F0E9 /* Resources */ = {
			isa = PBXResourcesBuildPhase;
			buildActionMask = 2147483647;
			files = (
				3F23D8EC1D53845100D8F0E9 /* LaunchScreen.storyboard in Resources */,
				3F23D8E91D53845100D8F0E9 /* Assets.xcassets in Resources */,
				3F23D8E71D53845100D8F0E9 /* Main.storyboard in Resources */,
			);
			runOnlyForDeploymentPostprocessing = 0;
		};
		3F23D8F01D53845100D8F0E9 /* Resources */ = {
			isa = PBXResourcesBuildPhase;
			buildActionMask = 2147483647;
			files = (
			);
			runOnlyForDeploymentPostprocessing = 0;
		};
		3F23D8FB1D53845100D8F0E9 /* Resources */ = {
			isa = PBXResourcesBuildPhase;
			buildActionMask = 2147483647;
			files = (
			);
			runOnlyForDeploymentPostprocessing = 0;
		};
/* End PBXResourcesBuildPhase section */

/* Begin PBXSourcesBuildPhase section */
		3F23D8D51D53845100D8F0E9 /* Sources */ = {
			isa = PBXSourcesBuildPhase;
			buildActionMask = 2147483647;
			files = (
				3F23D8E41D53845100D8F0E9 /* ViewController.m in Sources */,
				3F23D8E11D53845100D8F0E9 /* AppDelegate.m in Sources */,
				3F23D8DE1D53845100D8F0E9 /* main.m in Sources */,
			);
			runOnlyForDeploymentPostprocessing = 0;
		};
		3F23D8EE1D53845100D8F0E9 /* Sources */ = {
			isa = PBXSourcesBuildPhase;
			buildActionMask = 2147483647;
			files = (
				3F23D8F71D53845100D8F0E9 /* _____Tests.m in Sources */,
			);
			runOnlyForDeploymentPostprocessing = 0;
		};
		3F23D8F91D53845100D8F0E9 /* Sources */ = {
			isa = PBXSourcesBuildPhase;
			buildActionMask = 2147483647;
			files = (
				3F23D9021D53845100D8F0E9 /* _____UITests.m in Sources */,
			);
			runOnlyForDeploymentPostprocessing = 0;
		};
/* End PBXSourcesBuildPhase section */

/* Begin PBXTargetDependency section */
		3F23D8F41D53845100D8F0E9 /* PBXTargetDependency */ = {
			isa = PBXTargetDependency;
			target = 3F23D8D81D53845100D8F0E9 /* 多线程管理 */;
			targetProxy = 3F23D8F31D53845100D8F0E9 /* PBXContainerItemProxy */;
		};
		3F23D8FF1D53845100D8F0E9 /* PBXTargetDependency */ = {
			isa = PBXTargetDependency;
			target = 3F23D8D81D53845100D8F0E9 /* 多线程管理 */;
			targetProxy = 3F23D8FE1D53845100D8F0E9 /* PBXContainerItemProxy */;
		};
/* End PBXTargetDependency section */

/* Begin PBXVariantGroup section */
		3F23D8E51D53845100D8F0E9 /* Main.storyboard */ = {
			isa = PBXVariantGroup;
			children = (
				3F23D8E61D53845100D8F0E9 /* Base */,
			);
			name = Main.storyboard;
			sourceTree = "<group>";
		};
		3F23D8EA1D53845100D8F0E9 /* LaunchScreen.storyboard */ = {
			isa = PBXVariantGroup;
			children = (
				3F23D8EB1D53845100D8F0E9 /* Base */,
			);
			name = LaunchScreen.storyboard;
			sourceTree = "<group>";
		};
/* End PBXVariantGroup section */

/* Begin XCBuildConfiguration section */
		3F23D9041D53845100D8F0E9 /* Debug */ = {
			isa = XCBuildConfiguration;
			buildSettings = {
				ALWAYS_SEARCH_USER_PATHS = NO;
				CLANG_ANALYZER_NONNULL = YES;
				CLANG_CXX_LANGUAGE_STANDARD = "gnu++0x";
				CLANG_CXX_LIBRARY = "libc++";
				CLANG_ENABLE_MODULES = YES;
				CLANG_ENABLE_OBJC_ARC = YES;
				CLANG_WARN_BOOL_CONVERSION = YES;
				CLANG_WARN_CONSTANT_CONVERSION = YES;
				CLANG_WARN_DIRECT_OBJC_ISA_USAGE = YES_ERROR;
				CLANG_WARN_EMPTY_BODY = YES;
				CLANG_WARN_ENUM_CONVERSION = YES;
				CLANG_WARN_INT_CONVERSION = YES;
				CLANG_WARN_OBJC_ROOT_CLASS = YES_ERROR;
				CLANG_WARN_UNREACHABLE_CODE = YES;
				CLANG_WARN__DUPLICATE_METHOD_MATCH = YES;
				"CODE_SIGN_IDENTITY[sdk=iphoneos*]" = "iPhone Developer";
				COPY_PHASE_STRIP = NO;
				DEBUG_INFORMATION_FORMAT = dwarf;
				ENABLE_STRICT_OBJC_MSGSEND = YES;
				ENABLE_TESTABILITY = YES;
				GCC_C_LANGUAGE_STANDARD = gnu99;
				GCC_DYNAMIC_NO_PIC = NO;
				GCC_NO_COMMON_BLOCKS = YES;
				GCC_OPTIMIZATION_LEVEL = 0;
				GCC_PREPROCESSOR_DEFINITIONS = (
					"DEBUG=1",
					"$(inherited)",
				);
				GCC_WARN_64_TO_32_BIT_CONVERSION = YES;
				GCC_WARN_ABOUT_RETURN_TYPE = YES_ERROR;
				GCC_WARN_UNDECLARED_SELECTOR = YES;
				GCC_WARN_UNINITIALIZED_AUTOS = YES_AGGRESSIVE;
				GCC_WARN_UNUSED_FUNCTION = YES;
				GCC_WARN_UNUSED_VARIABLE = YES;
				IPHONEOS_DEPLOYMENT_TARGET = 9.3;
				MTL_ENABLE_DEBUG_INFO = YES;
				ONLY_ACTIVE_ARCH = YES;
				SDKROOT = iphoneos;
				TARGETED_DEVICE_FAMILY = "1,2";
			};
			name = Debug;
		};
		3F23D9051D53845100D8F0E9 /* Release */ = {
			isa = XCBuildConfiguration;
			buildSettings = {
				ALWAYS_SEARCH_USER_PATHS = NO;
				CLANG_ANALYZER_NONNULL = YES;
				CLANG_CXX_LANGUAGE_STANDARD = "gnu++0x";
				CLANG_CXX_LIBRARY = "libc++";
				CLANG_ENABLE_MODULES = YES;
				CLANG_ENABLE_OBJC_ARC = YES;
				CLANG_WARN_BOOL_CONVERSION = YES;
				CLANG_WARN_CONSTANT_CONVERSION = YES;
				CLANG_WARN_DIRECT_OBJC_ISA_USAGE = YES_ERROR;
				CLANG_WARN_EMPTY_BODY = YES;
				CLANG_WARN_ENUM_CONVERSION = YES;
				CLANG_WARN_INT_CONVERSION = YES;
				CLANG_WARN_OBJC_ROOT_CLASS = YES_ERROR;
				CLANG_WARN_UNREACHABLE_CODE = YES;
				CLANG_WARN__DUPLICATE_METHOD_MATCH = YES;
				"CODE_SIGN_IDENTITY[sdk=iphoneos*]" = "iPhone Developer";
				COPY_PHASE_STRIP = NO;
				DEBUG_INFORMATION_FORMAT = "dwarf-with-dsym";
				ENABLE_NS_ASSERTIONS = NO;
				ENABLE_STRICT_OBJC_MSGSEND = YES;
				GCC_C_LANGUAGE_STANDARD = gnu99;
				GCC_NO_COMMON_BLOCKS = YES;
				GCC_WARN_64_TO_32_BIT_CONVERSION = YES;
				GCC_WARN_ABOUT_RETURN_TYPE = YES_ERROR;
				GCC_WARN_UNDECLARED_SELECTOR = YES;
				GCC_WARN_UNINITIALIZED_AUTOS = YES_AGGRESSIVE;
				GCC_WARN_UNUSED_FUNCTION = YES;
				GCC_WARN_UNUSED_VARIABLE = YES;
				IPHONEOS_DEPLOYMENT_TARGET = 9.3;
				MTL_ENABLE_DEBUG_INFO = NO;
				SDKROOT = iphoneos;
				TARGETED_DEVICE_FAMILY = "1,2";
				VALIDATE_PRODUCT = YES;
			};
			name = Release;
		};
		3F23D9071D53845100D8F0E9 /* Debug */ = {
			isa = XCBuildConfiguration;
			buildSettings = {
				ASSETCATALOG_COMPILER_APPICON_NAME = AppIcon;
				INFOPLIST_FILE = "多线程管理/Info.plist";
				LD_RUNPATH_SEARCH_PATHS = "$(inherited) @executable_path/Frameworks";
				PRODUCT_BUNDLE_IDENTIFIER = "com.Jeremy.com.product.-----";
				PRODUCT_NAME = "$(TARGET_NAME)";
			};
			name = Debug;
		};
		3F23D9081D53845100D8F0E9 /* Release */ = {
			isa = XCBuildConfiguration;
			buildSettings = {
				ASSETCATALOG_COMPILER_APPICON_NAME = AppIcon;
				INFOPLIST_FILE = "多线程管理/Info.plist";
				LD_RUNPATH_SEARCH_PATHS = "$(inherited) @executable_path/Frameworks";
				PRODUCT_BUNDLE_IDENTIFIER = "com.Jeremy.com.product.-----";
				PRODUCT_NAME = "$(TARGET_NAME)";
			};
			name = Release;
		};
		3F23D90A1D53845100D8F0E9 /* Debug */ = {
			isa = XCBuildConfiguration;
			buildSettings = {
				BUNDLE_LOADER = "$(TEST_HOST)";
				INFOPLIST_FILE = "多线程管理Tests/Info.plist";
				LD_RUNPATH_SEARCH_PATHS = "$(inherited) @executable_path/Frameworks @loader_path/Frameworks";
				PRODUCT_BUNDLE_IDENTIFIER = "com.Jeremy.com.product.-----Tests";
				PRODUCT_NAME = "$(TARGET_NAME)";
				TEST_HOST = "$(BUILT_PRODUCTS_DIR)/多线程管理.app/多线程管理";
			};
			name = Debug;
		};
		3F23D90B1D53845100D8F0E9 /* Release */ = {
			isa = XCBuildConfiguration;
			buildSettings = {
				BUNDLE_LOADER = "$(TEST_HOST)";
				INFOPLIST_FILE = "多线程管理Tests/Info.plist";
				LD_RUNPATH_SEARCH_PATHS = "$(inherited) @executable_path/Frameworks @loader_path/Frameworks";
				PRODUCT_BUNDLE_IDENTIFIER = "com.Jeremy.com.product.-----Tests";
				PRODUCT_NAME = "$(TARGET_NAME)";
				TEST_HOST = "$(BUILT_PRODUCTS_DIR)/多线程管理.app/多线程管理";
			};
			name = Release;
		};
		3F23D90D1D53845100D8F0E9 /* Debug */ = {
			isa = XCBuildConfiguration;
			buildSettings = {
				INFOPLIST_FILE = "多线程管理UITests/Info.plist";
				LD_RUNPATH_SEARCH_PATHS = "$(inherited) @executable_path/Frameworks @loader_path/Frameworks";
				PRODUCT_BUNDLE_IDENTIFIER = "com.Jeremy.com.product.-----UITests";
				PRODUCT_NAME = "$(TARGET_NAME)";
				TEST_TARGET_NAME = "多线程管理";
			};
			name = Debug;
		};
		3F23D90E1D53845100D8F0E9 /* Release */ = {
			isa = XCBuildConfiguration;
			buildSettings = {
				INFOPLIST_FILE = "多线程管理UITests/Info.plist";
				LD_RUNPATH_SEARCH_PATHS = "$(inherited) @executable_path/Frameworks @loader_path/Frameworks";
				PRODUCT_BUNDLE_IDENTIFIER = "com.Jeremy.com.product.-----UITests";
				PRODUCT_NAME = "$(TARGET_NAME)";
				TEST_TARGET_NAME = "多线程管理";
			};
			name = Release;
		};
/* End XCBuildConfiguration section */

/* Begin XCConfigurationList section */
		3F23D8D41D53845100D8F0E9 /* Build configuration list for PBXProject "多线程管理" */ = {
			isa = XCConfigurationList;
			buildConfigurations = (
				3F23D9041D53845100D8F0E9 /* Debug */,
				3F23D9051D53845100D8F0E9 /* Release */,
			);
			defaultConfigurationIsVisible = 0;
			defaultConfigurationName = Release;
		};
		3F23D9061D53845100D8F0E9 /* Build configuration list for PBXNativeTarget "多线程管理" */ = {
			isa = XCConfigurationList;
			buildConfigurations = (
				3F23D9071D53845100D8F0E9 /* Debug */,
				3F23D9081D53845100D8F0E9 /* Release */,
			);
			defaultConfigurationIsVisible = 0;
		};
		3F23D9091D53845100D8F0E9 /* Build configuration list for PBXNativeTarget "多线程管理Tests" */ = {
			isa = XCConfigurationList;
			buildConfigurations = (
				3F23D90A1D53845100D8F0E9 /* Debug */,
				3F23D90B1D53845100D8F0E9 /* Release */,
			);
			defaultConfigurationIsVisible = 0;
		};
		3F23D90C1D53845100D8F0E9 /* Build configuration list for PBXNativeTarget "多线程管理UITests" */ = {
			isa = XCConfigurationList;
			buildConfigurations = (
				3F23D90D1D53845100D8F0E9 /* Debug */,
				3F23D90E1D53845100D8F0E9 /* Release */,
			);
			defaultConfigurationIsVisible = 0;
		};
/* End XCConfigurationList section */
	};
	rootObject = 3F23D8D11D53845100D8F0E9 /* Project object */;
}
